
Microsoft Visual Studio Solution File, Format Version 12.00
# Visual Studio 15
VisualStudioVersion = 15.0.27703.2035
MinimumVisualStudioVersion = 10.0.40219.1
Project("{FAE04EC0-301F-11D3-BF4B-00C04F79EFBC}") = "YngStrs.Mvc.Client", "YngStrs.Mvc.Client\YngStrs.Mvc.Client.csproj", "{DDE23448-7AAB-4326-9ABB-2F1A907A8979}"
EndProject
Global
	GlobalSection(SolutionConfigurationPlatforms) = preSolution
		Debug|Any CPU = Debug|Any CPU
		Release|Any CPU = Release|Any CPU
	EndGlobalSection
	GlobalSection(ProjectConfigurationPlatforms) = postSolution
		{DDE23448-7AAB-4326-9ABB-2F1A907A8979}.Debug|Any CPU.ActiveCfg = Debug|Any CPU
		{DDE23448-7AAB-4326-9ABB-2F1A907A8979}.Debug|Any CPU.Build.0 = Debug|Any CPU
		{DDE23448-7AAB-4326-9ABB-2F1A907A8979}.Release|Any CPU.ActiveCfg = Release|Any CPU
		{DDE23448-7AAB-4326-9ABB-2F1A907A8979}.Release|Any CPU.Build.0 = Release|Any CPU
	EndGlobalSection
	GlobalSection(SolutionProperties) = preSolution
		HideSolutionNode = FALSE
	EndGlobalSection
	GlobalSection(ExtensibilityGlobals) = postSolution
		SolutionGuid = {C2FA44CE-51C6-4FB5-B3DB-5EE8B6D90A7D}
	EndGlobalSection
EndGlobal
