
Microsoft Visual Studio Solution File, Format Version 12.00
# Visual Studio Version 16
VisualStudioVersion = 16.0.29519.87
MinimumVisualStudioVersion = 10.0.40219.1
Project("{FAE04EC0-301F-11D3-BF4B-00C04F79EFBC}") = "YngStrs.Contents.Api", "YngStrs.Contents.Api\YngStrs.Contents.Api.csproj", "{14B412FF-EDAC-4F32-93D9-07DC5E38EB2F}"
EndProject
Global
	GlobalSection(SolutionConfigurationPlatforms) = preSolution
		Debug|Any CPU = Debug|Any CPU
		Release|Any CPU = Release|Any CPU
	EndGlobalSection
	GlobalSection(ProjectConfigurationPlatforms) = postSolution
		{14B412FF-EDAC-4F32-93D9-07DC5E38EB2F}.Debug|Any CPU.ActiveCfg = Debug|Any CPU
		{14B412FF-EDAC-4F32-93D9-07DC5E38EB2F}.Debug|Any CPU.Build.0 = Debug|Any CPU
		{14B412FF-EDAC-4F32-93D9-07DC5E38EB2F}.Release|Any CPU.ActiveCfg = Release|Any CPU
		{14B412FF-EDAC-4F32-93D9-07DC5E38EB2F}.Release|Any CPU.Build.0 = Release|Any CPU
	EndGlobalSection
	GlobalSection(SolutionProperties) = preSolution
		HideSolutionNode = FALSE
	EndGlobalSection
	GlobalSection(ExtensibilityGlobals) = postSolution
		SolutionGuid = {FA0F0B68-3D9D-418E-B64B-A6CFB1EB19EE}
	EndGlobalSection
EndGlobal
