
Microsoft Visual Studio Solution File, Format Version 12.00
# Visual Studio Version 16
VisualStudioVersion = 16.0.29403.142
MinimumVisualStudioVersion = 10.0.40219.1
Project("{9A19103F-16F7-4668-BE54-9A1E7A4F7556}") = "YngStrs.Chatbot.Api", "YngStrs.Chatbot.Api\YngStrs.Chatbot.Api.csproj", "{D6F8BED4-4F15-4F47-90CE-31DEAAB91203}"
EndProject
Project("{FAE04EC0-301F-11D3-BF4B-00C04F79EFBC}") = "YngStrs.Chatbot.Api.Tests", "YngStrs.Chatbot.Api.Tests\YngStrs.Chatbot.Api.Tests.csproj", "{D49D1B49-D0F1-4412-835A-55216CF8763D}"
EndProject
Global
	GlobalSection(SolutionConfigurationPlatforms) = preSolution
		Debug|Any CPU = Debug|Any CPU
		Release|Any CPU = Release|Any CPU
	EndGlobalSection
	GlobalSection(ProjectConfigurationPlatforms) = postSolution
		{D6F8BED4-4F15-4F47-90CE-31DEAAB91203}.Debug|Any CPU.ActiveCfg = Debug|Any CPU
		{D6F8BED4-4F15-4F47-90CE-31DEAAB91203}.Debug|Any CPU.Build.0 = Debug|Any CPU
		{D6F8BED4-4F15-4F47-90CE-31DEAAB91203}.Release|Any CPU.ActiveCfg = Release|Any CPU
		{D6F8BED4-4F15-4F47-90CE-31DEAAB91203}.Release|Any CPU.Build.0 = Release|Any CPU
		{D49D1B49-D0F1-4412-835A-55216CF8763D}.Debug|Any CPU.ActiveCfg = Debug|Any CPU
		{D49D1B49-D0F1-4412-835A-55216CF8763D}.Debug|Any CPU.Build.0 = Debug|Any CPU
		{D49D1B49-D0F1-4412-835A-55216CF8763D}.Release|Any CPU.ActiveCfg = Release|Any CPU
		{D49D1B49-D0F1-4412-835A-55216CF8763D}.Release|Any CPU.Build.0 = Release|Any CPU
	EndGlobalSection
	GlobalSection(SolutionProperties) = preSolution
		HideSolutionNode = FALSE
	EndGlobalSection
	GlobalSection(ExtensibilityGlobals) = postSolution
		SolutionGuid = {F5BFFFB3-7279-4E74-8906-03C4F3FA459B}
	EndGlobalSection
EndGlobal
