
Microsoft Visual Studio Solution File, Format Version 12.00
# Visual Studio Version 16
VisualStudioVersion = 16.0.29215.179
MinimumVisualStudioVersion = 10.0.40219.1
Project("{FAE04EC0-301F-11D3-BF4B-00C04F79EFBC}") = "YngStrs.Common.EventSourcing", "YngStrs.Common.EventSourcing\YngStrs.Common.EventSourcing.csproj", "{4B74A6B4-CEDF-4C22-99D6-2FA0D2369C7C}"
EndProject
Global
	GlobalSection(SolutionConfigurationPlatforms) = preSolution
		Debug|Any CPU = Debug|Any CPU
		Release|Any CPU = Release|Any CPU
	EndGlobalSection
	GlobalSection(ProjectConfigurationPlatforms) = postSolution
		{4B74A6B4-CEDF-4C22-99D6-2FA0D2369C7C}.Debug|Any CPU.ActiveCfg = Debug|Any CPU
		{4B74A6B4-CEDF-4C22-99D6-2FA0D2369C7C}.Debug|Any CPU.Build.0 = Debug|Any CPU
		{4B74A6B4-CEDF-4C22-99D6-2FA0D2369C7C}.Release|Any CPU.ActiveCfg = Release|Any CPU
		{4B74A6B4-CEDF-4C22-99D6-2FA0D2369C7C}.Release|Any CPU.Build.0 = Release|Any CPU
	EndGlobalSection
	GlobalSection(SolutionProperties) = preSolution
		HideSolutionNode = FALSE
	EndGlobalSection
	GlobalSection(ExtensibilityGlobals) = postSolution
		SolutionGuid = {0D44C563-CDB8-43C0-BA36-804391D1A9FF}
	EndGlobalSection
EndGlobal
