
Microsoft Visual Studio Solution File, Format Version 12.00
# Visual Studio Version 16
VisualStudioVersion = 16.0.29215.179
MinimumVisualStudioVersion = 10.0.40219.1
Project("{FAE04EC0-301F-11D3-BF4B-00C04F79EFBC}") = "YngStrs.Common.Hateoas", "YngStrs.Common.Hateoas\YngStrs.Common.Hateoas.csproj", "{8DF880E6-191B-43B1-8A51-1CB9F70B8D4E}"
EndProject
Project("{FAE04EC0-301F-11D3-BF4B-00C04F79EFBC}") = "YngStrs.Common.Hateoas.Tests", "YngStrs.Common.Hateoas.Tests\YngStrs.Common.Hateoas.Tests.csproj", "{66C902D3-4DC2-4450-855D-0EF747937438}"
EndProject
Global
	GlobalSection(SolutionConfigurationPlatforms) = preSolution
		Debug|Any CPU = Debug|Any CPU
		Release|Any CPU = Release|Any CPU
	EndGlobalSection
	GlobalSection(ProjectConfigurationPlatforms) = postSolution
		{8DF880E6-191B-43B1-8A51-1CB9F70B8D4E}.Debug|Any CPU.ActiveCfg = Debug|Any CPU
		{8DF880E6-191B-43B1-8A51-1CB9F70B8D4E}.Debug|Any CPU.Build.0 = Debug|Any CPU
		{8DF880E6-191B-43B1-8A51-1CB9F70B8D4E}.Release|Any CPU.ActiveCfg = Release|Any CPU
		{8DF880E6-191B-43B1-8A51-1CB9F70B8D4E}.Release|Any CPU.Build.0 = Release|Any CPU
		{66C902D3-4DC2-4450-855D-0EF747937438}.Debug|Any CPU.ActiveCfg = Debug|Any CPU
		{66C902D3-4DC2-4450-855D-0EF747937438}.Debug|Any CPU.Build.0 = Debug|Any CPU
		{66C902D3-4DC2-4450-855D-0EF747937438}.Release|Any CPU.ActiveCfg = Release|Any CPU
		{66C902D3-4DC2-4450-855D-0EF747937438}.Release|Any CPU.Build.0 = Release|Any CPU
	EndGlobalSection
	GlobalSection(SolutionProperties) = preSolution
		HideSolutionNode = FALSE
	EndGlobalSection
	GlobalSection(ExtensibilityGlobals) = postSolution
		SolutionGuid = {FC59C213-CB46-4626-951E-995FB2E9EC0B}
	EndGlobalSection
EndGlobal
